
Microsoft Visual Studio Solution File, Format Version 12.00
# Visual Studio Version 16
VisualStudioVersion = 16.0.30128.74
MinimumVisualStudioVersion = 10.0.40219.1
Project("{FAE04EC0-301F-11D3-BF4B-00C04F79EFBC}") = "VidGifCreator.Core", "VidGifCreator.Core\VidGifCreator.Core.csproj", "{C989EC77-53B9-458E-8DBF-578A7D42D8B5}"
EndProject
Project("{FAE04EC0-301F-11D3-BF4B-00C04F79EFBC}") = "VidGifCreator.Test", "VidGifCreator.Test\VidGifCreator.Test.csproj", "{EEE9ED5A-E3A9-421B-A7CA-73AD0DED1E0F}"
EndProject
Global
	GlobalSection(SolutionConfigurationPlatforms) = preSolution
		Debug|Any CPU = Debug|Any CPU
		Release|Any CPU = Release|Any CPU
	EndGlobalSection
	GlobalSection(ProjectConfigurationPlatforms) = postSolution
		{C989EC77-53B9-458E-8DBF-578A7D42D8B5}.Debug|Any CPU.ActiveCfg = Debug|Any CPU
		{C989EC77-53B9-458E-8DBF-578A7D42D8B5}.Debug|Any CPU.Build.0 = Debug|Any CPU
		{C989EC77-53B9-458E-8DBF-578A7D42D8B5}.Release|Any CPU.ActiveCfg = Release|Any CPU
		{C989EC77-53B9-458E-8DBF-578A7D42D8B5}.Release|Any CPU.Build.0 = Release|Any CPU
		{EEE9ED5A-E3A9-421B-A7CA-73AD0DED1E0F}.Debug|Any CPU.ActiveCfg = Debug|Any CPU
		{EEE9ED5A-E3A9-421B-A7CA-73AD0DED1E0F}.Debug|Any CPU.Build.0 = Debug|Any CPU
		{EEE9ED5A-E3A9-421B-A7CA-73AD0DED1E0F}.Release|Any CPU.ActiveCfg = Release|Any CPU
		{EEE9ED5A-E3A9-421B-A7CA-73AD0DED1E0F}.Release|Any CPU.Build.0 = Release|Any CPU
	EndGlobalSection
	GlobalSection(SolutionProperties) = preSolution
		HideSolutionNode = FALSE
	EndGlobalSection
	GlobalSection(ExtensibilityGlobals) = postSolution
		SolutionGuid = {7B518F46-674E-43D8-9202-C5E5E3DBFB63}
	EndGlobalSection
EndGlobal
